
Microsoft Visual Studio Solution File, Format Version 12.00
# Visual Studio Version 17
VisualStudioVersion = 17.0.31903.59
MinimumVisualStudioVersion = 10.0.40219.1
Project("{9A19103F-16F7-4668-BE54-9A1E7A4F7556}") = "Watosik.MVC", "Watosik.MVC\Watosik.MVC.csproj", "{300B7879-3CB6-46A5-AA80-D707ADE4800D}"
EndProject
Project("{FAE04EC0-301F-11D3-BF4B-00C04F79EFBC}") = "Watosik.Domain", "Watosik.Domain\Watosik.Domain.csproj", "{531E528B-2C87-43B6-9272-58C9730F0624}"
EndProject
Project("{FAE04EC0-301F-11D3-BF4B-00C04F79EFBC}") = "Watosik.Application", "Watosik.Application\Watosik.Application.csproj", "{4E52B468-76CB-442D-91F0-F0A24F231E1E}"
EndProject
Project("{FAE04EC0-301F-11D3-BF4B-00C04F79EFBC}") = "Watosik.Infrastructure", "Watosik.Infrastructure\Watosik.Infrastructure.csproj", "{31D75340-7431-46BE-9035-E8EC447AF90D}"
EndProject
Global
	GlobalSection(SolutionConfigurationPlatforms) = preSolution
		Debug|Any CPU = Debug|Any CPU
		Release|Any CPU = Release|Any CPU
	EndGlobalSection
	GlobalSection(ProjectConfigurationPlatforms) = postSolution
		{300B7879-3CB6-46A5-AA80-D707ADE4800D}.Debug|Any CPU.ActiveCfg = Debug|Any CPU
		{300B7879-3CB6-46A5-AA80-D707ADE4800D}.Debug|Any CPU.Build.0 = Debug|Any CPU
		{300B7879-3CB6-46A5-AA80-D707ADE4800D}.Release|Any CPU.ActiveCfg = Release|Any CPU
		{300B7879-3CB6-46A5-AA80-D707ADE4800D}.Release|Any CPU.Build.0 = Release|Any CPU
		{531E528B-2C87-43B6-9272-58C9730F0624}.Debug|Any CPU.ActiveCfg = Debug|Any CPU
		{531E528B-2C87-43B6-9272-58C9730F0624}.Debug|Any CPU.Build.0 = Debug|Any CPU
		{531E528B-2C87-43B6-9272-58C9730F0624}.Release|Any CPU.ActiveCfg = Release|Any CPU
		{531E528B-2C87-43B6-9272-58C9730F0624}.Release|Any CPU.Build.0 = Release|Any CPU
		{4E52B468-76CB-442D-91F0-F0A24F231E1E}.Debug|Any CPU.ActiveCfg = Debug|Any CPU
		{4E52B468-76CB-442D-91F0-F0A24F231E1E}.Debug|Any CPU.Build.0 = Debug|Any CPU
		{4E52B468-76CB-442D-91F0-F0A24F231E1E}.Release|Any CPU.ActiveCfg = Release|Any CPU
		{4E52B468-76CB-442D-91F0-F0A24F231E1E}.Release|Any CPU.Build.0 = Release|Any CPU
		{31D75340-7431-46BE-9035-E8EC447AF90D}.Debug|Any CPU.ActiveCfg = Debug|Any CPU
		{31D75340-7431-46BE-9035-E8EC447AF90D}.Debug|Any CPU.Build.0 = Debug|Any CPU
		{31D75340-7431-46BE-9035-E8EC447AF90D}.Release|Any CPU.ActiveCfg = Release|Any CPU
		{31D75340-7431-46BE-9035-E8EC447AF90D}.Release|Any CPU.Build.0 = Release|Any CPU
	EndGlobalSection
	GlobalSection(SolutionProperties) = preSolution
		HideSolutionNode = FALSE
	EndGlobalSection
	GlobalSection(ExtensibilityGlobals) = postSolution
		SolutionGuid = {F31B933D-EF3E-473D-B5EC-675AF9DC6FEF}
	EndGlobalSection
EndGlobal
